<?xml version="1.0" encoding="utf-8"?>
<Project ToolsVersion="4.0" xmlns="http://schemas.microsoft.com/developer/msbuild/2003">
  <ItemGroup>
    <Filter Include="Source Files">
      <UniqueIdentifier>{4FC737F1-C7A5-4376-A066-2A32D752A2FF}</UniqueIdentifier>
      <Extensions>cpp;c;cc;cxx;def;odl;idl;hpj;bat;asm;asmx</Extensions>
    </Filter>
    <Filter Include="Header Files">
      <UniqueIdentifier>{93995380-89BD-4b04-88EB-625FBE52EBFB}</UniqueIdentifier>
      <Extensions>h;hpp;hxx;hm;inl;inc;xsd</Extensions>
    </Filter>
    <Filter Include="Resource Files">
      <UniqueIdentifier>{67DA6AB6-F800-4c08-8B7A-83BB121AAD01}</UniqueIdentifier>
      <Extensions>rc;ico;cur;bmp;dlg;rc2;rct;bin;rgs;gif;jpg;jpeg;jpe;resx;tiff;tif;png;wav;mfcribbon-ms</Extensions>
    </Filter>
    <Filter Include="Header Files\CPlot">
      <UniqueIdentifier>{471842d2-a8d7-43e2-a60c-bdc65f08a1e3}</UniqueIdentifier>
    </Filter>
    <Filter Include="Source Files\CPlot">
      <UniqueIdentifier>{212a5f8d-acab-47c8-8386-4b3a5772c962}</UniqueIdentifier>
    </Filter>
  </ItemGroup>
  <ItemGroup>
    <None Include="ReadMe.txt" />
    <None Include="SemiMarkovGUI.reg" />
    <None Include="res\file_view.ico">
      <Filter>Resource Files</Filter>
    </None>
    <None Include="res\file_view_hc.ico">
      <Filter>Resource Files</Filter>
    </None>
    <None Include="res\class_view.ico">
      <Filter>Resource Files</Filter>
    </None>
    <None Include="res\class_view_hc.ico">
      <Filter>Resource Files</Filter>
    </None>
    <None Include="res\fileview.bmp">
      <Filter>Resource Files</Filter>
    </None>
    <None Include="res\fileview_hc.bmp">
      <Filter>Resource Files</Filter>
    </None>
    <None Include="res\classview.bmp">
      <Filter>Resource Files</Filter>
    </None>
    <None Include="res\classview_hc.bmp">
      <Filter>Resource Files</Filter>
    </None>
    <None Include="res\explorer.bmp">
      <Filter>Resource Files</Filter>
    </None>
    <None Include="res\explorer_hc.bmp">
      <Filter>Resource Files</Filter>
    </None>
    <None Include="res\sort.bmp">
      <Filter>Resource Files</Filter>
    </None>
    <None Include="res\sort_hc.bmp">
      <Filter>Resource Files</Filter>
    </None>
    <None Include="res\menuimages.bmp">
      <Filter>Resource Files</Filter>
    </None>
    <None Include="res\menuimages_hc.bmp">
      <Filter>Resource Files</Filter>
    </None>
    <None Include="res\output_wnd.ico">
      <Filter>Resource Files</Filter>
    </None>
    <None Include="res\output_wnd_hc.ico">
      <Filter>Resource Files</Filter>
    </None>
    <None Include="res\properties_wnd.ico">
      <Filter>Resource Files</Filter>
    </None>
    <None Include="res\properties_wnd_hc.ico">
      <Filter>Resource Files</Filter>
    </None>
    <None Include="res\properties.bmp">
      <Filter>Resource Files</Filter>
    </None>
    <None Include="res\properties_hc.bmp">
      <Filter>Resource Files</Filter>
    </None>
    <None Include="res\nav_large.bmp">
      <Filter>Resource Files</Filter>
    </None>
    <None Include="res\nav_large_hc.bmp">
      <Filter>Resource Files</Filter>
    </None>
    <None Include="res\pages.bmp">
      <Filter>Resource Files</Filter>
    </None>
    <None Include="res\pages_hc.bmp">
      <Filter>Resource Files</Filter>
    </None>
    <None Include="res\pages_small.bmp">
      <Filter>Resource Files</Filter>
    </None>
    <None Include="res\pages_small_hc.bmp">
      <Filter>Resource Files</Filter>
    </None>
    <None Include="UserImages.bmp">
      <Filter>Resource Files</Filter>
    </None>
    <None Include="res\SemiMarkovGUI.rc2">
      <Filter>Resource Files</Filter>
    </None>
    <None Include="res\SemiMarkovGUIDoc.ico">
      <Filter>Resource Files</Filter>
    </None>
    <None Include="res\SemiMarkovGUI.ico">
      <Filter>Resource Files</Filter>
    </None>
    <None Include="res\Toolbar.bmp">
      <Filter>Resource Files</Filter>
    </None>
    <None Include="res\Toolbar256.bmp">
      <Filter>Resource Files</Filter>
    </None>
  </ItemGroup>
  <ItemGroup>
    <ClInclude Include="SemiMarkovGUI.h">
      <Filter>Header Files</Filter>
    </ClInclude>
    <ClInclude Include="stdafx.h">
      <Filter>Header Files</Filter>
    </ClInclude>
    <ClInclude Include="targetver.h">
      <Filter>Header Files</Filter>
    </ClInclude>
    <ClInclude Include="MainFrm.h">
      <Filter>Header Files</Filter>
    </ClInclude>
    <ClInclude Include="SemiMarkovGUIDoc.h">
      <Filter>Header Files</Filter>
    </ClInclude>
    <ClInclude Include="SemiMarkovGUIView.h">
      <Filter>Header Files</Filter>
    </ClInclude>
    <ClInclude Include="Resource.h">
      <Filter>Header Files</Filter>
    </ClInclude>
    <ClInclude Include="FileView.h">
      <Filter>Header Files</Filter>
    </ClInclude>
    <ClInclude Include="ClassView.h">
      <Filter>Header Files</Filter>
    </ClInclude>
    <ClInclude Include="ViewTree.h">
      <Filter>Header Files</Filter>
    </ClInclude>
    <ClInclude Include="OutputWnd.h">
      <Filter>Header Files</Filter>
    </ClInclude>
    <ClInclude Include="PropertiesWnd.h">
      <Filter>Header Files</Filter>
    </ClInclude>
    <ClInclude Include="CalendarBar.h">
      <Filter>Header Files</Filter>
    </ClInclude>
    <ClInclude Include="CAcroAXDocShim.h">
      <Filter>Header Files</Filter>
    </ClInclude>
    <ClInclude Include="NodeInfo.h">
      <Filter>Header Files</Filter>
    </ClInclude>
    <ClInclude Include="StateInfo.h">
      <Filter>Header Files</Filter>
    </ClInclude>
    <ClInclude Include="TransitionDlg.h">
      <Filter>Header Files</Filter>
    </ClInclude>
    <ClInclude Include="StateCollection.h">
      <Filter>Header Files</Filter>
    </ClInclude>
    <ClInclude Include="TransitionInfo.h">
      <Filter>Header Files</Filter>
    </ClInclude>
    <ClInclude Include="TransitionCollection.h">
      <Filter>Header Files</Filter>
    </ClInclude>
    <ClInclude Include="DistributionInfo.h">
      <Filter>Header Files</Filter>
    </ClInclude>
    <ClInclude Include="Redir.h">
      <Filter>Header Files</Filter>
    </ClInclude>
    <ClInclude Include="CWebBrowser2.h">
      <Filter>Header Files</Filter>
    </ClInclude>
    <ClInclude Include="RunSemiMarkovDlg.h">
      <Filter>Header Files</Filter>
    </ClInclude>
    <ClInclude Include="Info.h">
      <Filter>Header Files</Filter>
    </ClInclude>
    <ClInclude Include="CPlot Sources\Axis.h">
      <Filter>Header Files\CPlot</Filter>
    </ClInclude>
    <ClInclude Include="CPlot Sources\AxisSettings.h">
      <Filter>Header Files\CPlot</Filter>
    </ClInclude>
    <ClInclude Include="CPlot Sources\Chart.h">
      <Filter>Header Files\CPlot</Filter>
    </ClInclude>
    <ClInclude Include="CPlot Sources\ChartData.h">
      <Filter>Header Files\CPlot</Filter>
    </ClInclude>
    <ClInclude Include="CPlot Sources\ColorControl.h">
      <Filter>Header Files\CPlot</Filter>
    </ClInclude>
    <ClInclude Include="CPlot Sources\ColorTables.h">
      <Filter>Header Files\CPlot</Filter>
    </ClInclude>
    <ClInclude Include="CPlot Sources\CPlotResource.h">
      <Filter>Header Files\CPlot</Filter>
    </ClInclude>
    <ClInclude Include="CPlot Sources\CPlotUtility.h">
      <Filter>Header Files\CPlot</Filter>
    </ClInclude>
    <ClInclude Include="CPlot Sources\DataSettingsDialog.h">
      <Filter>Header Files\CPlot</Filter>
    </ClInclude>
    <ClInclude Include="CPlot Sources\ImagePalette.h">
      <Filter>Header Files\CPlot</Filter>
    </ClInclude>
    <ClInclude Include="CPlot Sources\ImagePlotSettingsDialog.h">
      <Filter>Header Files\CPlot</Filter>
    </ClInclude>
    <ClInclude Include="CPlot Sources\PlotSettingsDialog.h">
      <Filter>Header Files\CPlot</Filter>
    </ClInclude>
  </ItemGroup>
  <ItemGroup>
    <ClCompile Include="SemiMarkovGUI.cpp">
      <Filter>Source Files</Filter>
    </ClCompile>
    <ClCompile Include="stdafx.cpp">
      <Filter>Source Files</Filter>
    </ClCompile>
    <ClCompile Include="MainFrm.cpp">
      <Filter>Source Files</Filter>
    </ClCompile>
    <ClCompile Include="SemiMarkovGUIDoc.cpp">
      <Filter>Source Files</Filter>
    </ClCompile>
    <ClCompile Include="SemiMarkovGUIView.cpp">
      <Filter>Source Files</Filter>
    </ClCompile>
    <ClCompile Include="FileView.cpp">
      <Filter>Source Files</Filter>
    </ClCompile>
    <ClCompile Include="ClassView.cpp">
      <Filter>Source Files</Filter>
    </ClCompile>
    <ClCompile Include="ViewTree.cpp">
      <Filter>Source Files</Filter>
    </ClCompile>
    <ClCompile Include="OutputWnd.cpp">
      <Filter>Source Files</Filter>
    </ClCompile>
    <ClCompile Include="PropertiesWnd.cpp">
      <Filter>Source Files</Filter>
    </ClCompile>
    <ClCompile Include="CalendarBar.cpp">
      <Filter>Source Files</Filter>
    </ClCompile>
    <ClCompile Include="CAcroAXDocShim.cpp">
      <Filter>Source Files</Filter>
    </ClCompile>
    <ClCompile Include="NodeInfo.cpp">
      <Filter>Source Files</Filter>
    </ClCompile>
    <ClCompile Include="StateInfo.cpp">
      <Filter>Source Files</Filter>
    </ClCompile>
    <ClCompile Include="TransitionDlg.cpp">
      <Filter>Source Files</Filter>
    </ClCompile>
    <ClCompile Include="StateCollection.cpp">
      <Filter>Source Files</Filter>
    </ClCompile>
    <ClCompile Include="TransitionInfo.cpp">
      <Filter>Source Files</Filter>
    </ClCompile>
    <ClCompile Include="TransitionCollection.cpp">
      <Filter>Source Files</Filter>
    </ClCompile>
    <ClCompile Include="DistributionInfo.cpp">
      <Filter>Source Files</Filter>
    </ClCompile>
    <ClCompile Include="Redir.cpp">
      <Filter>Source Files</Filter>
    </ClCompile>
    <ClCompile Include="CWebBrowser2.cpp">
      <Filter>Source Files</Filter>
    </ClCompile>
    <ClCompile Include="RunSemiMarkovDlg.cpp">
      <Filter>Source Files</Filter>
    </ClCompile>
    <ClCompile Include="Info.cpp">
      <Filter>Source Files</Filter>
    </ClCompile>
    <ClCompile Include="CPlot Sources\Axis.cpp">
      <Filter>Source Files\CPlot</Filter>
    </ClCompile>
    <ClCompile Include="CPlot Sources\AxisSettings.cpp">
      <Filter>Source Files\CPlot</Filter>
    </ClCompile>
    <ClCompile Include="CPlot Sources\Chart.cpp">
      <Filter>Source Files\CPlot</Filter>
    </ClCompile>
    <ClCompile Include="CPlot Sources\ChartData.cpp">
      <Filter>Source Files\CPlot</Filter>
    </ClCompile>
    <ClCompile Include="CPlot Sources\ColorControl.cpp">
      <Filter>Source Files\CPlot</Filter>
    </ClCompile>
    <ClCompile Include="CPlot Sources\CPlotUtility.cpp">
      <Filter>Source Files\CPlot</Filter>
    </ClCompile>
    <ClCompile Include="CPlot Sources\DataSettingsDialog.cpp">
      <Filter>Source Files\CPlot</Filter>
    </ClCompile>
    <ClCompile Include="CPlot Sources\ImageChart.cpp">
      <Filter>Source Files\CPlot</Filter>
    </ClCompile>
    <ClCompile Include="CPlot Sources\ImagePalette.cpp">
      <Filter>Source Files\CPlot</Filter>
    </ClCompile>
    <ClCompile Include="CPlot Sources\ImagePlotSettingsDialog.cpp">
      <Filter>Source Files\CPlot</Filter>
    </ClCompile>
    <ClCompile Include="CPlot Sources\PlotSettingsDialog.cpp">
      <Filter>Source Files\CPlot</Filter>
    </ClCompile>
    <ClCompile Include="CPlot Sources\XYChart.cpp">
      <Filter>Source Files\CPlot</Filter>
    </ClCompile>
  </ItemGroup>
  <ItemGroup>
    <ResourceCompile Include="SemiMarkovGUI.rc">
      <Filter>Resource Files</Filter>
    </ResourceCompile>
    <ResourceCompile Include="CPlot Sources\CPlotResources.rc">
      <Filter>Resource Files</Filter>
    </ResourceCompile>
  </ItemGroup>
</Project>